
Microsoft Visual Studio Solution File, Format Version 12.00
# Visual Studio 15
VisualStudioVersion = 15.0.26730.10
MinimumVisualStudioVersion = 10.0.40219.1

Project("{FAE04EC0-301F-11D3-BF4B-00C04F79EFBC}") = "Elementizer", "..\XMLSerialization\Elementizer.csproj", "{850A1563-AC23-4B60-BBCF-503B2BB69547}"
EndProject
Global
	GlobalSection(Performance) = preSolution
		HasPerformanceSessions = true
	EndGlobalSection
	GlobalSection(SolutionConfigurationPlatforms) = preSolution
		Debug|Any CPU = Debug|Any CPU
		Release|Any CPU = Release|Any CPU
	EndGlobalSection
	GlobalSection(ProjectConfigurationPlatforms) = postSolution
		{850A1563-AC23-4B60-BBCF-503B2BB69547}.Debug|Any CPU.ActiveCfg = Debug|Any CPU
		{850A1563-AC23-4B60-BBCF-503B2BB69547}.Debug|Any CPU.Build.0 = Debug|Any CPU
		{850A1563-AC23-4B60-BBCF-503B2BB69547}.Release|Any CPU.ActiveCfg = Release|Any CPU
		{850A1563-AC23-4B60-BBCF-503B2BB69547}.Release|Any CPU.Build.0 = Release|Any CPU
	EndGlobalSection
	GlobalSection(SolutionProperties) = preSolution
		HideSolutionNode = FALSE
	EndGlobalSection
	GlobalSection(ExtensibilityGlobals) = postSolution
		SolutionGuid = {953591DD-DBA9-47A4-974E-0A6C0F6006D3}
	EndGlobalSection
	GlobalSection(Performance) = preSolution
		HasPerformanceSessions = false
	EndGlobalSection
EndGlobal
